
Microsoft Visual Studio Solution File, Format Version 11.00
# Visual Studio 2010
Project("{FAE04EC0-301F-11D3-BF4B-00C04F79EFBC}") = "hercules.Web", "hercules.Web.csproj", "{2A7940A2-3B3E-4894-A5EE-7367006578BF}"
EndProject
Project("{FAE04EC0-301F-11D3-BF4B-00C04F79EFBC}") = "hercules.Entidades", "..\hercules.Entidades\hercules.Entidades.csproj", "{7246F26E-877A-4BD2-851E-DA59CB409238}"
EndProject
Project("{FAE04EC0-301F-11D3-BF4B-00C04F79EFBC}") = "hercules.Dados", "..\hercules.Dados\hercules.Dados.csproj", "{09DAC372-2E39-44EB-BD66-BEE63868ACA0}"
EndProject
Global
	GlobalSection(SolutionConfigurationPlatforms) = preSolution
		Debug|Any CPU = Debug|Any CPU
		Release|Any CPU = Release|Any CPU
	EndGlobalSection
	GlobalSection(ProjectConfigurationPlatforms) = postSolution
		{2A7940A2-3B3E-4894-A5EE-7367006578BF}.Debug|Any CPU.ActiveCfg = Debug|Any CPU
		{2A7940A2-3B3E-4894-A5EE-7367006578BF}.Debug|Any CPU.Build.0 = Debug|Any CPU
		{2A7940A2-3B3E-4894-A5EE-7367006578BF}.Release|Any CPU.ActiveCfg = Release|Any CPU
		{2A7940A2-3B3E-4894-A5EE-7367006578BF}.Release|Any CPU.Build.0 = Release|Any CPU
		{7246F26E-877A-4BD2-851E-DA59CB409238}.Debug|Any CPU.ActiveCfg = Debug|Any CPU
		{7246F26E-877A-4BD2-851E-DA59CB409238}.Debug|Any CPU.Build.0 = Debug|Any CPU
		{7246F26E-877A-4BD2-851E-DA59CB409238}.Release|Any CPU.ActiveCfg = Release|Any CPU
		{7246F26E-877A-4BD2-851E-DA59CB409238}.Release|Any CPU.Build.0 = Release|Any CPU
		{09DAC372-2E39-44EB-BD66-BEE63868ACA0}.Debug|Any CPU.ActiveCfg = Debug|Any CPU
		{09DAC372-2E39-44EB-BD66-BEE63868ACA0}.Debug|Any CPU.Build.0 = Debug|Any CPU
		{09DAC372-2E39-44EB-BD66-BEE63868ACA0}.Release|Any CPU.ActiveCfg = Release|Any CPU
		{09DAC372-2E39-44EB-BD66-BEE63868ACA0}.Release|Any CPU.Build.0 = Release|Any CPU
	EndGlobalSection
	GlobalSection(SolutionProperties) = preSolution
		HideSolutionNode = FALSE
	EndGlobalSection
EndGlobal
